
Microsoft Visual Studio Solution File, Format Version 12.00
# Visual Studio Version 17
VisualStudioVersion = 17.5.33530.505
MinimumVisualStudioVersion = 10.0.40219.1
Project("{9A19103F-16F7-4668-BE54-9A1E7A4F7556}") = "LanguageCourses", "LanguageCourses.csproj", "{5BFDF22F-78A4-4B91-BFB7-315A41BEE58A}"
EndProject
Project("{FAE04EC0-301F-11D3-BF4B-00C04F79EFBC}") = "LanguageCourses.Tests", "..\LnguageCourses.Tests\LanguageCourses.Tests.csproj", "{F7672BDA-6C9F-4749-B7FA-D94B7C05BBE5}"
EndProject
Global
	GlobalSection(SolutionConfigurationPlatforms) = preSolution
		Debug|Any CPU = Debug|Any CPU
		Release|Any CPU = Release|Any CPU
	EndGlobalSection
	GlobalSection(ProjectConfigurationPlatforms) = postSolution
		{5BFDF22F-78A4-4B91-BFB7-315A41BEE58A}.Debug|Any CPU.ActiveCfg = Debug|Any CPU
		{5BFDF22F-78A4-4B91-BFB7-315A41BEE58A}.Debug|Any CPU.Build.0 = Debug|Any CPU
		{5BFDF22F-78A4-4B91-BFB7-315A41BEE58A}.Release|Any CPU.ActiveCfg = Release|Any CPU
		{5BFDF22F-78A4-4B91-BFB7-315A41BEE58A}.Release|Any CPU.Build.0 = Release|Any CPU
		{F7672BDA-6C9F-4749-B7FA-D94B7C05BBE5}.Debug|Any CPU.ActiveCfg = Debug|Any CPU
		{F7672BDA-6C9F-4749-B7FA-D94B7C05BBE5}.Debug|Any CPU.Build.0 = Debug|Any CPU
		{F7672BDA-6C9F-4749-B7FA-D94B7C05BBE5}.Release|Any CPU.ActiveCfg = Release|Any CPU
		{F7672BDA-6C9F-4749-B7FA-D94B7C05BBE5}.Release|Any CPU.Build.0 = Release|Any CPU
	EndGlobalSection
	GlobalSection(SolutionProperties) = preSolution
		HideSolutionNode = FALSE
	EndGlobalSection
	GlobalSection(ExtensibilityGlobals) = postSolution
		SolutionGuid = {40B071F0-3B00-4EF8-8BA2-0E089AA29D4B}
	EndGlobalSection
EndGlobal
